// !$*UTF8*$!
{
	archiveVersion = 1;
	classes = {
	};
	objectVersion = 56;
	objects = {

/* Begin PBXBuildFile section */
		72658CB52B7EAB3D00F58B8F /* AppDelegate.swift in Sources */ = {isa = PBXBuildFile; fileRef = 72658CB42B7EAB3D00F58B8F /* AppDelegate.swift */; };
		72658CB72B7EAB3D00F58B8F /* SceneDelegate.swift in Sources */ = {isa = PBXBuildFile; fileRef = 72658CB62B7EAB3D00F58B8F /* SceneDelegate.swift */; };
		72658CB92B7EAB3D00F58B8F /* SignInViewController.swift in Sources */ = {isa = PBXBuildFile; fileRef = 72658CB82B7EAB3D00F58B8F /* SignInViewController.swift */; };
		72658CBE2B7EAB4000F58B8F /* Assets.xcassets in Resources */ = {isa = PBXBuildFile; fileRef = 72658CBD2B7EAB4000F58B8F /* Assets.xcassets */; };
		72658CC12B7EAB4000F58B8F /* LaunchScreen.storyboard in Resources */ = {isa = PBXBuildFile; fileRef = 72658CBF2B7EAB4000F58B8F /* LaunchScreen.storyboard */; };
		72658CCB2B7EABEA00F58B8F /* SuccessViewController.swift in Sources */ = {isa = PBXBuildFile; fileRef = 72658CCA2B7EABEA00F58B8F /* SuccessViewController.swift */; };
		72658CCF2B7EAC6600F58B8F /* Roboto-Bold.ttf in Resources */ = {isa = PBXBuildFile; fileRef = 72658CCE2B7EAC6600F58B8F /* Roboto-Bold.ttf */; };
		72658CD12B7EAC7100F58B8F /* Roboto-Medium.ttf in Resources */ = {isa = PBXBuildFile; fileRef = 72658CD02B7EAC7100F58B8F /* Roboto-Medium.ttf */; };
		72658CD32B7EAC7A00F58B8F /* Roboto-Regular.ttf in Resources */ = {isa = PBXBuildFile; fileRef = 72658CD22B7EAC7A00F58B8F /* Roboto-Regular.ttf */; };
		72658CD52B7EAC9200F58B8F /* Font.swift in Sources */ = {isa = PBXBuildFile; fileRef = 72658CD42B7EAC9200F58B8F /* Font.swift */; };
		72658CD92B7EAD1000F58B8F /* Color.swift in Sources */ = {isa = PBXBuildFile; fileRef = 72658CD82B7EAD1000F58B8F /* Color.swift */; };
		72658CDC2B7EADA700F58B8F /* MakerView.swift in Sources */ = {isa = PBXBuildFile; fileRef = 72658CDB2B7EADA700F58B8F /* MakerView.swift */; };
		72658CDE2B7EAEF000F58B8F /* SignUpViewController.swift in Sources */ = {isa = PBXBuildFile; fileRef = 72658CDD2B7EAEF000F58B8F /* SignUpViewController.swift */; };
		72658CE02B7EBFA000F58B8F /* ForgetPasswordViewController.swift in Sources */ = {isa = PBXBuildFile; fileRef = 72658CDF2B7EBFA000F58B8F /* ForgetPasswordViewController.swift */; };
		72658CE22B7ED20500F58B8F /* NewPasswordViewController.swift in Sources */ = {isa = PBXBuildFile; fileRef = 72658CE12B7ED20500F58B8F /* NewPasswordViewController.swift */; };
/* End PBXBuildFile section */

/* Begin PBXFileReference section */
		72658CB12B7EAB3D00F58B8F /* 4hw2.app */ = {isa = PBXFileReference; explicitFileType = wrapper.application; includeInIndex = 0; path = 4hw2.app; sourceTree = BUILT_PRODUCTS_DIR; };
		72658CB42B7EAB3D00F58B8F /* AppDelegate.swift */ = {isa = PBXFileReference; lastKnownFileType = sourcecode.swift; path = AppDelegate.swift; sourceTree = "<group>"; };
		72658CB62B7EAB3D00F58B8F /* SceneDelegate.swift */ = {isa = PBXFileReference; lastKnownFileType = sourcecode.swift; path = SceneDelegate.swift; sourceTree = "<group>"; };
		72658CB82B7EAB3D00F58B8F /* SignInViewController.swift */ = {isa = PBXFileReference; lastKnownFileType = sourcecode.swift; path = SignInViewController.swift; sourceTree = "<group>"; };
		72658CBD2B7EAB4000F58B8F /* Assets.xcassets */ = {isa = PBXFileReference; lastKnownFileType = folder.assetcatalog; path = Assets.xcassets; sourceTree = "<group>"; };
		72658CC02B7EAB4000F58B8F /* Base */ = {isa = PBXFileReference; lastKnownFileType = file.storyboard; name = Base; path = Base.lproj/LaunchScreen.storyboard; sourceTree = "<group>"; };
		72658CC22B7EAB4000F58B8F /* Info.plist */ = {isa = PBXFileReference; lastKnownFileType = text.plist.xml; path = Info.plist; sourceTree = "<group>"; };
		72658CCA2B7EABEA00F58B8F /* SuccessViewController.swift */ = {isa = PBXFileReference; lastKnownFileType = sourcecode.swift; path = SuccessViewController.swift; sourceTree = "<group>"; };
		72658CCE2B7EAC6600F58B8F /* Roboto-Bold.ttf */ = {isa = PBXFileReference; lastKnownFileType = file; name = "Roboto-Bold.ttf"; path = "../../../../Roboto/Roboto-Bold.ttf"; sourceTree = "<group>"; };
		72658CD02B7EAC7100F58B8F /* Roboto-Medium.ttf */ = {isa = PBXFileReference; lastKnownFileType = file; name = "Roboto-Medium.ttf"; path = "../../../../Roboto/Roboto-Medium.ttf"; sourceTree = "<group>"; };
		72658CD22B7EAC7A00F58B8F /* Roboto-Regular.ttf */ = {isa = PBXFileReference; lastKnownFileType = file; name = "Roboto-Regular.ttf"; path = "../../../../Roboto/Roboto-Regular.ttf"; sourceTree = "<group>"; };
		72658CD42B7EAC9200F58B8F /* Font.swift */ = {isa = PBXFileReference; lastKnownFileType = sourcecode.swift; path = Font.swift; sourceTree = "<group>"; };
		72658CD82B7EAD1000F58B8F /* Color.swift */ = {isa = PBXFileReference; lastKnownFileType = sourcecode.swift; path = Color.swift; sourceTree = "<group>"; };
		72658CDB2B7EADA700F58B8F /* MakerView.swift */ = {isa = PBXFileReference; lastKnownFileType = sourcecode.swift; path = MakerView.swift; sourceTree = "<group>"; };
		72658CDD2B7EAEF000F58B8F /* SignUpViewController.swift */ = {isa = PBXFileReference; lastKnownFileType = sourcecode.swift; path = SignUpViewController.swift; sourceTree = "<group>"; };
		72658CDF2B7EBFA000F58B8F /* ForgetPasswordViewController.swift */ = {isa = PBXFileReference; lastKnownFileType = sourcecode.swift; path = ForgetPasswordViewController.swift; sourceTree = "<group>"; };
		72658CE12B7ED20500F58B8F /* NewPasswordViewController.swift */ = {isa = PBXFileReference; lastKnownFileType = sourcecode.swift; path = NewPasswordViewController.swift; sourceTree = "<group>"; };
/* End PBXFileReference section */

/* Begin PBXFrameworksBuildPhase section */
		72658CAE2B7EAB3D00F58B8F /* Frameworks */ = {
			isa = PBXFrameworksBuildPhase;
			buildActionMask = 2147483647;
			files = (
			);
			runOnlyForDeploymentPostprocessing = 0;
		};
/* End PBXFrameworksBuildPhase section */

/* Begin PBXGroup section */
		72658CA82B7EAB3C00F58B8F = {
			isa = PBXGroup;
			children = (
				72658CB32B7EAB3D00F58B8F /* 4hw2 */,
				72658CB22B7EAB3D00F58B8F /* Products */,
			);
			sourceTree = "<group>";
		};
		72658CB22B7EAB3D00F58B8F /* Products */ = {
			isa = PBXGroup;
			children = (
				72658CB12B7EAB3D00F58B8F /* 4hw2.app */,
			);
			name = Products;
			sourceTree = "<group>";
		};
		72658CB32B7EAB3D00F58B8F /* 4hw2 */ = {
			isa = PBXGroup;
			children = (
				72658CDA2B7EAD7D00F58B8F /* Helpers */,
				72658CC82B7EAB7100F58B8F /* AppDelegate */,
				72658CC92B7EABCD00F58B8F /* Controllers */,
				72658CCC2B7EAC3B00F58B8F /* Resources */,
				72658CC22B7EAB4000F58B8F /* Info.plist */,
			);
			path = 4hw2;
			sourceTree = "<group>";
		};
		72658CC82B7EAB7100F58B8F /* AppDelegate */ = {
			isa = PBXGroup;
			children = (
				72658CB42B7EAB3D00F58B8F /* AppDelegate.swift */,
				72658CB62B7EAB3D00F58B8F /* SceneDelegate.swift */,
			);
			path = AppDelegate;
			sourceTree = "<group>";
		};
		72658CC92B7EABCD00F58B8F /* Controllers */ = {
			isa = PBXGroup;
			children = (
				72658CB82B7EAB3D00F58B8F /* SignInViewController.swift */,
				72658CCA2B7EABEA00F58B8F /* SuccessViewController.swift */,
				72658CDD2B7EAEF000F58B8F /* SignUpViewController.swift */,
				72658CDF2B7EBFA000F58B8F /* ForgetPasswordViewController.swift */,
				72658CE12B7ED20500F58B8F /* NewPasswordViewController.swift */,
			);
			path = Controllers;
			sourceTree = "<group>";
		};
		72658CCC2B7EAC3B00F58B8F /* Resources */ = {
			isa = PBXGroup;
			children = (
				72658CD72B7EACFB00F58B8F /* Color */,
				72658CCD2B7EAC5200F58B8F /* Fonts */,
				72658CBD2B7EAB4000F58B8F /* Assets.xcassets */,
				72658CBF2B7EAB4000F58B8F /* LaunchScreen.storyboard */,
			);
			path = Resources;
			sourceTree = "<group>";
		};
		72658CCD2B7EAC5200F58B8F /* Fonts */ = {
			isa = PBXGroup;
			children = (
				72658CD42B7EAC9200F58B8F /* Font.swift */,
				72658CCE2B7EAC6600F58B8F /* Roboto-Bold.ttf */,
				72658CD02B7EAC7100F58B8F /* Roboto-Medium.ttf */,
				72658CD22B7EAC7A00F58B8F /* Roboto-Regular.ttf */,
			);
			path = Fonts;
			sourceTree = "<group>";
		};
		72658CD72B7EACFB00F58B8F /* Color */ = {
			isa = PBXGroup;
			children = (
				72658CD82B7EAD1000F58B8F /* Color.swift */,
			);
			path = Color;
			sourceTree = "<group>";
		};
		72658CDA2B7EAD7D00F58B8F /* Helpers */ = {
			isa = PBXGroup;
			children = (
				72658CDB2B7EADA700F58B8F /* MakerView.swift */,
			);
			path = Helpers;
			sourceTree = "<group>";
		};
/* End PBXGroup section */

/* Begin PBXNativeTarget section */
		72658CB02B7EAB3D00F58B8F /* 4hw2 */ = {
			isa = PBXNativeTarget;
			buildConfigurationList = 72658CC52B7EAB4000F58B8F /* Build configuration list for PBXNativeTarget "4hw2" */;
			buildPhases = (
				72658CAD2B7EAB3D00F58B8F /* Sources */,
				72658CAE2B7EAB3D00F58B8F /* Frameworks */,
				72658CAF2B7EAB3D00F58B8F /* Resources */,
			);
			buildRules = (
			);
			dependencies = (
			);
			name = 4hw2;
			productName = 4hw2;
			productReference = 72658CB12B7EAB3D00F58B8F /* 4hw2.app */;
			productType = "com.apple.product-type.application";
		};
/* End PBXNativeTarget section */

/* Begin PBXProject section */
		72658CA92B7EAB3C00F58B8F /* Project object */ = {
			isa = PBXProject;
			attributes = {
				BuildIndependentTargetsInParallel = 1;
				LastSwiftUpdateCheck = 1520;
				LastUpgradeCheck = 1520;
				TargetAttributes = {
					72658CB02B7EAB3D00F58B8F = {
						CreatedOnToolsVersion = 15.2;
					};
				};
			};
			buildConfigurationList = 72658CAC2B7EAB3C00F58B8F /* Build configuration list for PBXProject "4hw2" */;
			compatibilityVersion = "Xcode 14.0";
			developmentRegion = en;
			hasScannedForEncodings = 0;
			knownRegions = (
				en,
				Base,
			);
			mainGroup = 72658CA82B7EAB3C00F58B8F;
			productRefGroup = 72658CB22B7EAB3D00F58B8F /* Products */;
			projectDirPath = "";
			projectRoot = "";
			targets = (
				72658CB02B7EAB3D00F58B8F /* 4hw2 */,
			);
		};
/* End PBXProject section */

/* Begin PBXResourcesBuildPhase section */
		72658CAF2B7EAB3D00F58B8F /* Resources */ = {
			isa = PBXResourcesBuildPhase;
			buildActionMask = 2147483647;
			files = (
				72658CD12B7EAC7100F58B8F /* Roboto-Medium.ttf in Resources */,
				72658CC12B7EAB4000F58B8F /* LaunchScreen.storyboard in Resources */,
				72658CD32B7EAC7A00F58B8F /* Roboto-Regular.ttf in Resources */,
				72658CBE2B7EAB4000F58B8F /* Assets.xcassets in Resources */,
				72658CCF2B7EAC6600F58B8F /* Roboto-Bold.ttf in Resources */,
			);
			runOnlyForDeploymentPostprocessing = 0;
		};
/* End PBXResourcesBuildPhase section */

/* Begin PBXSourcesBuildPhase section */
		72658CAD2B7EAB3D00F58B8F /* Sources */ = {
			isa = PBXSourcesBuildPhase;
			buildActionMask = 2147483647;
			files = (
				72658CB92B7EAB3D00F58B8F /* SignInViewController.swift in Sources */,
				72658CB52B7EAB3D00F58B8F /* AppDelegate.swift in Sources */,
				72658CDE2B7EAEF000F58B8F /* SignUpViewController.swift in Sources */,
				72658CD52B7EAC9200F58B8F /* Font.swift in Sources */,
				72658CE02B7EBFA000F58B8F /* ForgetPasswordViewController.swift in Sources */,
				72658CCB2B7EABEA00F58B8F /* SuccessViewController.swift in Sources */,
				72658CB72B7EAB3D00F58B8F /* SceneDelegate.swift in Sources */,
				72658CD92B7EAD1000F58B8F /* Color.swift in Sources */,
				72658CE22B7ED20500F58B8F /* NewPasswordViewController.swift in Sources */,
				72658CDC2B7EADA700F58B8F /* MakerView.swift in Sources */,
			);
			runOnlyForDeploymentPostprocessing = 0;
		};
/* End PBXSourcesBuildPhase section */

/* Begin PBXVariantGroup section */
		72658CBF2B7EAB4000F58B8F /* LaunchScreen.storyboard */ = {
			isa = PBXVariantGroup;
			children = (
				72658CC02B7EAB4000F58B8F /* Base */,
			);
			name = LaunchScreen.storyboard;
			sourceTree = "<group>";
		};
/* End PBXVariantGroup section */

/* Begin XCBuildConfiguration section */
		72658CC32B7EAB4000F58B8F /* Debug */ = {
			isa = XCBuildConfiguration;
			buildSettings = {
				ALWAYS_SEARCH_USER_PATHS = NO;
				ASSETCATALOG_COMPILER_GENERATE_SWIFT_ASSET_SYMBOL_EXTENSIONS = YES;
				CLANG_ANALYZER_NONNULL = YES;
				CLANG_ANALYZER_NUMBER_OBJECT_CONVERSION = YES_AGGRESSIVE;
				CLANG_CXX_LANGUAGE_STANDARD = "gnu++20";
				CLANG_ENABLE_MODULES = YES;
				CLANG_ENABLE_OBJC_ARC = YES;
				CLANG_ENABLE_OBJC_WEAK = YES;
				CLANG_WARN_BLOCK_CAPTURE_AUTORELEASING = YES;
				CLANG_WARN_BOOL_CONVERSION = YES;
				CLANG_WARN_COMMA = YES;
				CLANG_WARN_CONSTANT_CONVERSION = YES;
				CLANG_WARN_DEPRECATED_OBJC_IMPLEMENTATIONS = YES;
				CLANG_WARN_DIRECT_OBJC_ISA_USAGE = YES_ERROR;
				CLANG_WARN_DOCUMENTATION_COMMENTS = YES;
				CLANG_WARN_EMPTY_BODY = YES;
				CLANG_WARN_ENUM_CONVERSION = YES;
				CLANG_WARN_INFINITE_RECURSION = YES;
				CLANG_WARN_INT_CONVERSION = YES;
				CLANG_WARN_NON_LITERAL_NULL_CONVERSION = YES;
				CLANG_WARN_OBJC_IMPLICIT_RETAIN_SELF = YES;
				CLANG_WARN_OBJC_LITERAL_CONVERSION = YES;
				CLANG_WARN_OBJC_ROOT_CLASS = YES_ERROR;
				CLANG_WARN_QUOTED_INCLUDE_IN_FRAMEWORK_HEADER = YES;
				CLANG_WARN_RANGE_LOOP_ANALYSIS = YES;
				CLANG_WARN_STRICT_PROTOTYPES = YES;
				CLANG_WARN_SUSPICIOUS_MOVE = YES;
				CLANG_WARN_UNGUARDED_AVAILABILITY = YES_AGGRESSIVE;
				CLANG_WARN_UNREACHABLE_CODE = YES;
				CLANG_WARN__DUPLICATE_METHOD_MATCH = YES;
				COPY_PHASE_STRIP = NO;
				DEBUG_INFORMATION_FORMAT = dwarf;
				ENABLE_STRICT_OBJC_MSGSEND = YES;
				ENABLE_TESTABILITY = YES;
				ENABLE_USER_SCRIPT_SANDBOXING = YES;
				GCC_C_LANGUAGE_STANDARD = gnu17;
				GCC_DYNAMIC_NO_PIC = NO;
				GCC_NO_COMMON_BLOCKS = YES;
				GCC_OPTIMIZATION_LEVEL = 0;
				GCC_PREPROCESSOR_DEFINITIONS = (
					"DEBUG=1",
					"$(inherited)",
				);
				GCC_WARN_64_TO_32_BIT_CONVERSION = YES;
				GCC_WARN_ABOUT_RETURN_TYPE = YES_ERROR;
				GCC_WARN_UNDECLARED_SELECTOR = YES;
				GCC_WARN_UNINITIALIZED_AUTOS = YES_AGGRESSIVE;
				GCC_WARN_UNUSED_FUNCTION = YES;
				GCC_WARN_UNUSED_VARIABLE = YES;
				IPHONEOS_DEPLOYMENT_TARGET = 17.2;
				LOCALIZATION_PREFERS_STRING_CATALOGS = YES;
				MTL_ENABLE_DEBUG_INFO = INCLUDE_SOURCE;
				MTL_FAST_MATH = YES;
				ONLY_ACTIVE_ARCH = YES;
				SDKROOT = iphoneos;
				SWIFT_ACTIVE_COMPILATION_CONDITIONS = "DEBUG $(inherited)";
				SWIFT_OPTIMIZATION_LEVEL = "-Onone";
			};
			name = Debug;
		};
		72658CC42B7EAB4000F58B8F /* Release */ = {
			isa = XCBuildConfiguration;
			buildSettings = {
				ALWAYS_SEARCH_USER_PATHS = NO;
				ASSETCATALOG_COMPILER_GENERATE_SWIFT_ASSET_SYMBOL_EXTENSIONS = YES;
				CLANG_ANALYZER_NONNULL = YES;
				CLANG_ANALYZER_NUMBER_OBJECT_CONVERSION = YES_AGGRESSIVE;
				CLANG_CXX_LANGUAGE_STANDARD = "gnu++20";
				CLANG_ENABLE_MODULES = YES;
				CLANG_ENABLE_OBJC_ARC = YES;
				CLANG_ENABLE_OBJC_WEAK = YES;
				CLANG_WARN_BLOCK_CAPTURE_AUTORELEASING = YES;
				CLANG_WARN_BOOL_CONVERSION = YES;
				CLANG_WARN_COMMA = YES;
				CLANG_WARN_CONSTANT_CONVERSION = YES;
				CLANG_WARN_DEPRECATED_OBJC_IMPLEMENTATIONS = YES;
				CLANG_WARN_DIRECT_OBJC_ISA_USAGE = YES_ERROR;
				CLANG_WARN_DOCUMENTATION_COMMENTS = YES;
				CLANG_WARN_EMPTY_BODY = YES;
				CLANG_WARN_ENUM_CONVERSION = YES;
				CLANG_WARN_INFINITE_RECURSION = YES;
				CLANG_WARN_INT_CONVERSION = YES;
				CLANG_WARN_NON_LITERAL_NULL_CONVERSION = YES;
				CLANG_WARN_OBJC_IMPLICIT_RETAIN_SELF = YES;
				CLANG_WARN_OBJC_LITERAL_CONVERSION = YES;
				CLANG_WARN_OBJC_ROOT_CLASS = YES_ERROR;
				CLANG_WARN_QUOTED_INCLUDE_IN_FRAMEWORK_HEADER = YES;
				CLANG_WARN_RANGE_LOOP_ANALYSIS = YES;
				CLANG_WARN_STRICT_PROTOTYPES = YES;
				CLANG_WARN_SUSPICIOUS_MOVE = YES;
				CLANG_WARN_UNGUARDED_AVAILABILITY = YES_AGGRESSIVE;
				CLANG_WARN_UNREACHABLE_CODE = YES;
				CLANG_WARN__DUPLICATE_METHOD_MATCH = YES;
				COPY_PHASE_STRIP = NO;
				DEBUG_INFORMATION_FORMAT = "dwarf-with-dsym";
				ENABLE_NS_ASSERTIONS = NO;
				ENABLE_STRICT_OBJC_MSGSEND = YES;
				ENABLE_USER_SCRIPT_SANDBOXING = YES;
				GCC_C_LANGUAGE_STANDARD = gnu17;
				GCC_NO_COMMON_BLOCKS = YES;
				GCC_WARN_64_TO_32_BIT_CONVERSION = YES;
				GCC_WARN_ABOUT_RETURN_TYPE = YES_ERROR;
				GCC_WARN_UNDECLARED_SELECTOR = YES;
				GCC_WARN_UNINITIALIZED_AUTOS = YES_AGGRESSIVE;
				GCC_WARN_UNUSED_FUNCTION = YES;
				GCC_WARN_UNUSED_VARIABLE = YES;
				IPHONEOS_DEPLOYMENT_TARGET = 17.2;
				LOCALIZATION_PREFERS_STRING_CATALOGS = YES;
				MTL_ENABLE_DEBUG_INFO = NO;
				MTL_FAST_MATH = YES;
				SDKROOT = iphoneos;
				SWIFT_COMPILATION_MODE = wholemodule;
				VALIDATE_PRODUCT = YES;
			};
			name = Release;
		};
		72658CC62B7EAB4000F58B8F /* Debug */ = {
			isa = XCBuildConfiguration;
			buildSettings = {
				ASSETCATALOG_COMPILER_APPICON_NAME = AppIcon;
				ASSETCATALOG_COMPILER_GLOBAL_ACCENT_COLOR_NAME = AccentColor;
				CODE_SIGN_STYLE = Automatic;
				CURRENT_PROJECT_VERSION = 1;
				DEVELOPMENT_TEAM = 2VCHNMLR8N;
				GENERATE_INFOPLIST_FILE = YES;
				INFOPLIST_FILE = 4hw2/Info.plist;
				INFOPLIST_KEY_UIApplicationSupportsIndirectInputEvents = YES;
				INFOPLIST_KEY_UILaunchStoryboardName = LaunchScreen;
				INFOPLIST_KEY_UISupportedInterfaceOrientations_iPad = "UIInterfaceOrientationPortrait UIInterfaceOrientationPortraitUpsideDown UIInterfaceOrientationLandscapeLeft UIInterfaceOrientationLandscapeRight";
				INFOPLIST_KEY_UISupportedInterfaceOrientations_iPhone = "UIInterfaceOrientationPortrait UIInterfaceOrientationLandscapeLeft UIInterfaceOrientationLandscapeRight";
				IPHONEOS_DEPLOYMENT_TARGET = 16.0;
				LD_RUNPATH_SEARCH_PATHS = (
					"$(inherited)",
					"@executable_path/Frameworks",
				);
				MARKETING_VERSION = 1.0;
				PRODUCT_BUNDLE_IDENTIFIER = "com.telegey.-hw2";
				PRODUCT_NAME = "$(TARGET_NAME)";
				SWIFT_EMIT_LOC_STRINGS = YES;
				SWIFT_VERSION = 5.0;
				TARGETED_DEVICE_FAMILY = "1,2";
			};
			name = Debug;
		};
		72658CC72B7EAB4000F58B8F /* Release */ = {
			isa = XCBuildConfiguration;
			buildSettings = {
				ASSETCATALOG_COMPILER_APPICON_NAME = AppIcon;
				ASSETCATALOG_COMPILER_GLOBAL_ACCENT_COLOR_NAME = AccentColor;
				CODE_SIGN_STYLE = Automatic;
				CURRENT_PROJECT_VERSION = 1;
				DEVELOPMENT_TEAM = 2VCHNMLR8N;
				GENERATE_INFOPLIST_FILE = YES;
				INFOPLIST_FILE = 4hw2/Info.plist;
				INFOPLIST_KEY_UIApplicationSupportsIndirectInputEvents = YES;
				INFOPLIST_KEY_UILaunchStoryboardName = LaunchScreen;
				INFOPLIST_KEY_UISupportedInterfaceOrientations_iPad = "UIInterfaceOrientationPortrait UIInterfaceOrientationPortraitUpsideDown UIInterfaceOrientationLandscapeLeft UIInterfaceOrientationLandscapeRight";
				INFOPLIST_KEY_UISupportedInterfaceOrientations_iPhone = "UIInterfaceOrientationPortrait UIInterfaceOrientationLandscapeLeft UIInterfaceOrientationLandscapeRight";
				IPHONEOS_DEPLOYMENT_TARGET = 16.0;
				LD_RUNPATH_SEARCH_PATHS = (
					"$(inherited)",
					"@executable_path/Frameworks",
				);
				MARKETING_VERSION = 1.0;
				PRODUCT_BUNDLE_IDENTIFIER = "com.telegey.-hw2";
				PRODUCT_NAME = "$(TARGET_NAME)";
				SWIFT_EMIT_LOC_STRINGS = YES;
				SWIFT_VERSION = 5.0;
				TARGETED_DEVICE_FAMILY = "1,2";
			};
			name = Release;
		};
/* End XCBuildConfiguration section */

/* Begin XCConfigurationList section */
		72658CAC2B7EAB3C00F58B8F /* Build configuration list for PBXProject "4hw2" */ = {
			isa = XCConfigurationList;
			buildConfigurations = (
				72658CC32B7EAB4000F58B8F /* Debug */,
				72658CC42B7EAB4000F58B8F /* Release */,
			);
			defaultConfigurationIsVisible = 0;
			defaultConfigurationName = Release;
		};
		72658CC52B7EAB4000F58B8F /* Build configuration list for PBXNativeTarget "4hw2" */ = {
			isa = XCConfigurationList;
			buildConfigurations = (
				72658CC62B7EAB4000F58B8F /* Debug */,
				72658CC72B7EAB4000F58B8F /* Release */,
			);
			defaultConfigurationIsVisible = 0;
			defaultConfigurationName = Release;
		};
/* End XCConfigurationList section */
	};
	rootObject = 72658CA92B7EAB3C00F58B8F /* Project object */;
}
